PODS:
  - SAMKeychain (1.5.3)
  - Strongroom (0.1.0)

DEPENDENCIES:
  - SAMKeychain
  - Strongroom (from `../`)

SPEC REPOS:
  https://github.com/cocoapods/specs.git:
    - SAMKeychain

EXTERNAL SOURCES:
  Strongroom:
    :path: "../"

SPEC CHECKSUMS:
  SAMKeychain: 483e1c9f32984d50ca961e26818a534283b4cd5c
  Strongroom: 344b9ac863e2cfca6bd1fb78c6c70af4937a3b02

PODFILE CHECKSUM: e5f95791c2cf5d54bff9832ae57f6b623cdd3c0b

COCOAPODS: 1.6.0.beta.2
